
Microsoft Visual Studio Solution File, Format Version 12.00
# Visual Studio 2012
Project("{FAE04EC0-301F-11D3-BF4B-00C04F79EFBC}") = "HealthTopicsWeb", "HealthTopicsWeb\HealthTopicsWeb.csproj", "{7B7146D1-B8D2-4AAD-A269-60F4EE3F2E36}"
EndProject
Global
	GlobalSection(SolutionConfigurationPlatforms) = preSolution
		Debug|Any CPU = Debug|Any CPU
		Release|Any CPU = Release|Any CPU
	EndGlobalSection
	GlobalSection(ProjectConfigurationPlatforms) = postSolution
		{7B7146D1-B8D2-4AAD-A269-60F4EE3F2E36}.Debug|Any CPU.ActiveCfg = Debug|Any CPU
		{7B7146D1-B8D2-4AAD-A269-60F4EE3F2E36}.Debug|Any CPU.Build.0 = Debug|Any CPU
		{7B7146D1-B8D2-4AAD-A269-60F4EE3F2E36}.Release|Any CPU.ActiveCfg = Release|Any CPU
		{7B7146D1-B8D2-4AAD-A269-60F4EE3F2E36}.Release|Any CPU.Build.0 = Release|Any CPU
	EndGlobalSection
	GlobalSection(SolutionProperties) = preSolution
		HideSolutionNode = FALSE
	EndGlobalSection
EndGlobal
